
Microsoft Visual Studio Solution File, Format Version 12.00
# Visual Studio Version 17
VisualStudioVersion = 17.4.33122.133
MinimumVisualStudioVersion = 10.0.40219.1
Project("{FAE04EC0-301F-11D3-BF4B-00C04F79EFBC}") = "Quarta14Dezembro", "Quarta14Dezembro.csproj", "{79F3C135-1920-4184-A075-158CD3934BD5}"
EndProject
Global
	GlobalSection(SolutionConfigurationPlatforms) = preSolution
		Debug|Any CPU = Debug|Any CPU
		Release|Any CPU = Release|Any CPU
	EndGlobalSection
	GlobalSection(ProjectConfigurationPlatforms) = postSolution
		{79F3C135-1920-4184-A075-158CD3934BD5}.Debug|Any CPU.ActiveCfg = Debug|Any CPU
		{79F3C135-1920-4184-A075-158CD3934BD5}.Debug|Any CPU.Build.0 = Debug|Any CPU
		{79F3C135-1920-4184-A075-158CD3934BD5}.Release|Any CPU.ActiveCfg = Release|Any CPU
		{79F3C135-1920-4184-A075-158CD3934BD5}.Release|Any CPU.Build.0 = Release|Any CPU
	EndGlobalSection
	GlobalSection(SolutionProperties) = preSolution
		HideSolutionNode = FALSE
	EndGlobalSection
	GlobalSection(ExtensibilityGlobals) = postSolution
		SolutionGuid = {36880F0F-9A88-4964-9048-FEC0F4B3AA0E}
	EndGlobalSection
EndGlobal
